
Microsoft Visual Studio Solution File, Format Version 12.00
# Visual Studio 14
VisualStudioVersion = 14.0.25420.1
MinimumVisualStudioVersion = 10.0.40219.1
Project("{8BC9CEB8-8B4A-11D0-8D11-00A0C91BC942}") = "Client", "Client\Client.vcxproj", "{65A01D8D-5298-4922-9411-60C04799B63D}"
EndProject
Project("{8BC9CEB8-8B4A-11D0-8D11-00A0C91BC942}") = "Server", "Server\Server.vcxproj", "{97C4A08B-9D46-4B4B-AAAD-0B3F28E254E3}"
EndProject
Project("{8BC9CEB8-8B4A-11D0-8D11-00A0C91BC942}") = "UDP_Client", "UDP_Client\UDP_Client.vcxproj", "{F24C626D-BF68-4CD5-A699-CD9BAF626105}"
EndProject
Project("{8BC9CEB8-8B4A-11D0-8D11-00A0C91BC942}") = "UDP_Server", "UDP_Server\UDP_Server.vcxproj", "{C9EC2C91-FDAD-44DC-ABA9-9D104BFB1E0D}"
EndProject
Project("{8BC9CEB8-8B4A-11D0-8D11-00A0C91BC942}") = "Thread_Win32", "Thread_Win32\Thread_Win32.vcxproj", "{8F1A703A-416E-4AF6-AFB4-D5634E7F4B16}"
EndProject
Global
	GlobalSection(SolutionConfigurationPlatforms) = preSolution
		Debug|x64 = Debug|x64
		Debug|x86 = Debug|x86
		Release|x64 = Release|x64
		Release|x86 = Release|x86
	EndGlobalSection
	GlobalSection(ProjectConfigurationPlatforms) = postSolution
		{65A01D8D-5298-4922-9411-60C04799B63D}.Debug|x64.ActiveCfg = Debug|x64
		{65A01D8D-5298-4922-9411-60C04799B63D}.Debug|x86.ActiveCfg = Debug|Win32
		{65A01D8D-5298-4922-9411-60C04799B63D}.Debug|x86.Build.0 = Debug|Win32
		{65A01D8D-5298-4922-9411-60C04799B63D}.Release|x64.ActiveCfg = Release|x64
		{65A01D8D-5298-4922-9411-60C04799B63D}.Release|x64.Build.0 = Release|x64
		{65A01D8D-5298-4922-9411-60C04799B63D}.Release|x86.ActiveCfg = Release|Win32
		{65A01D8D-5298-4922-9411-60C04799B63D}.Release|x86.Build.0 = Release|Win32
		{97C4A08B-9D46-4B4B-AAAD-0B3F28E254E3}.Debug|x64.ActiveCfg = Debug|x64
		{97C4A08B-9D46-4B4B-AAAD-0B3F28E254E3}.Debug|x64.Build.0 = Debug|x64
		{97C4A08B-9D46-4B4B-AAAD-0B3F28E254E3}.Debug|x86.ActiveCfg = Debug|Win32
		{97C4A08B-9D46-4B4B-AAAD-0B3F28E254E3}.Debug|x86.Build.0 = Debug|Win32
		{97C4A08B-9D46-4B4B-AAAD-0B3F28E254E3}.Release|x64.ActiveCfg = Release|x64
		{97C4A08B-9D46-4B4B-AAAD-0B3F28E254E3}.Release|x64.Build.0 = Release|x64
		{97C4A08B-9D46-4B4B-AAAD-0B3F28E254E3}.Release|x86.ActiveCfg = Release|Win32
		{97C4A08B-9D46-4B4B-AAAD-0B3F28E254E3}.Release|x86.Build.0 = Release|Win32
		{F24C626D-BF68-4CD5-A699-CD9BAF626105}.Debug|x64.ActiveCfg = Debug|x64
		{F24C626D-BF68-4CD5-A699-CD9BAF626105}.Debug|x64.Build.0 = Debug|x64
		{F24C626D-BF68-4CD5-A699-CD9BAF626105}.Debug|x86.ActiveCfg = Debug|Win32
		{F24C626D-BF68-4CD5-A699-CD9BAF626105}.Debug|x86.Build.0 = Debug|Win32
		{F24C626D-BF68-4CD5-A699-CD9BAF626105}.Release|x64.ActiveCfg = Release|x64
		{F24C626D-BF68-4CD5-A699-CD9BAF626105}.Release|x64.Build.0 = Release|x64
		{F24C626D-BF68-4CD5-A699-CD9BAF626105}.Release|x86.ActiveCfg = Release|Win32
		{F24C626D-BF68-4CD5-A699-CD9BAF626105}.Release|x86.Build.0 = Release|Win32
		{C9EC2C91-FDAD-44DC-ABA9-9D104BFB1E0D}.Debug|x64.ActiveCfg = Debug|x64
		{C9EC2C91-FDAD-44DC-ABA9-9D104BFB1E0D}.Debug|x64.Build.0 = Debug|x64
		{C9EC2C91-FDAD-44DC-ABA9-9D104BFB1E0D}.Debug|x86.ActiveCfg = Debug|Win32
		{C9EC2C91-FDAD-44DC-ABA9-9D104BFB1E0D}.Debug|x86.Build.0 = Debug|Win32
		{C9EC2C91-FDAD-44DC-ABA9-9D104BFB1E0D}.Release|x64.ActiveCfg = Release|x64
		{C9EC2C91-FDAD-44DC-ABA9-9D104BFB1E0D}.Release|x64.Build.0 = Release|x64
		{C9EC2C91-FDAD-44DC-ABA9-9D104BFB1E0D}.Release|x86.ActiveCfg = Release|Win32
		{C9EC2C91-FDAD-44DC-ABA9-9D104BFB1E0D}.Release|x86.Build.0 = Release|Win32
		{8F1A703A-416E-4AF6-AFB4-D5634E7F4B16}.Debug|x64.ActiveCfg = Debug|x64
		{8F1A703A-416E-4AF6-AFB4-D5634E7F4B16}.Debug|x64.Build.0 = Debug|x64
		{8F1A703A-416E-4AF6-AFB4-D5634E7F4B16}.Debug|x86.ActiveCfg = Debug|Win32
		{8F1A703A-416E-4AF6-AFB4-D5634E7F4B16}.Debug|x86.Build.0 = Debug|Win32
		{8F1A703A-416E-4AF6-AFB4-D5634E7F4B16}.Release|x64.ActiveCfg = Release|x64
		{8F1A703A-416E-4AF6-AFB4-D5634E7F4B16}.Release|x64.Build.0 = Release|x64
		{8F1A703A-416E-4AF6-AFB4-D5634E7F4B16}.Release|x86.ActiveCfg = Release|Win32
		{8F1A703A-416E-4AF6-AFB4-D5634E7F4B16}.Release|x86.Build.0 = Release|Win32
	EndGlobalSection
	GlobalSection(SolutionProperties) = preSolution
		HideSolutionNode = FALSE
	EndGlobalSection
EndGlobal
